// !$*UTF8*$!
{
	archiveVersion = 1;
	classes = {
	};
	objectVersion = 46;
	objects = {

/* Begin PBXBuildFile section */
		A767D8FC1CDE868600AFBB0E /* AppDelegate.swift in Sources */ = {isa = PBXBuildFile; fileRef = A767D8FB1CDE868600AFBB0E /* AppDelegate.swift */; };
		A767D8FE1CDE868600AFBB0E /* ViewController.swift in Sources */ = {isa = PBXBuildFile; fileRef = A767D8FD1CDE868600AFBB0E /* ViewController.swift */; };
		A767D9011CDE868600AFBB0E /* Main.storyboard in Resources */ = {isa = PBXBuildFile; fileRef = A767D8FF1CDE868600AFBB0E /* Main.storyboard */; };
		A767D9031CDE868600AFBB0E /* Assets.xcassets in Resources */ = {isa = PBXBuildFile; fileRef = A767D9021CDE868600AFBB0E /* Assets.xcassets */; };
		A767D9061CDE868600AFBB0E /* LaunchScreen.storyboard in Resources */ = {isa = PBXBuildFile; fileRef = A767D9041CDE868600AFBB0E /* LaunchScreen.storyboard */; };
/* End PBXBuildFile section */

/* Begin PBXFileReference section */
		A767D8F81CDE868600AFBB0E /* Missing Persons.app */ = {isa = PBXFileReference; explicitFileType = wrapper.application; includeInIndex = 0; path = "Missing Persons.app"; sourceTree = BUILT_PRODUCTS_DIR; };
		A767D8FB1CDE868600AFBB0E /* AppDelegate.swift */ = {isa = PBXFileReference; lastKnownFileType = sourcecode.swift; path = AppDelegate.swift; sourceTree = "<group>"; };
		A767D8FD1CDE868600AFBB0E /* ViewController.swift */ = {isa = PBXFileReference; lastKnownFileType = sourcecode.swift; path = ViewController.swift; sourceTree = "<group>"; };
		A767D9001CDE868600AFBB0E /* Base */ = {isa = PBXFileReference; lastKnownFileType = file.storyboard; name = Base; path = Base.lproj/Main.storyboard; sourceTree = "<group>"; };
		A767D9021CDE868600AFBB0E /* Assets.xcassets */ = {isa = PBXFileReference; lastKnownFileType = folder.assetcatalog; path = Assets.xcassets; sourceTree = "<group>"; };
		A767D9051CDE868600AFBB0E /* Base */ = {isa = PBXFileReference; lastKnownFileType = file.storyboard; name = Base; path = Base.lproj/LaunchScreen.storyboard; sourceTree = "<group>"; };
		A767D9071CDE868600AFBB0E /* Info.plist */ = {isa = PBXFileReference; lastKnownFileType = text.plist.xml; path = Info.plist; sourceTree = "<group>"; };
/* End PBXFileReference section */

/* Begin PBXFrameworksBuildPhase section */
		A767D8F51CDE868600AFBB0E /* Frameworks */ = {
			isa = PBXFrameworksBuildPhase;
			buildActionMask = 2147483647;
			files = (
			);
			runOnlyForDeploymentPostprocessing = 0;
		};
/* End PBXFrameworksBuildPhase section */

/* Begin PBXGroup section */
		A767D8EF1CDE868600AFBB0E = {
			isa = PBXGroup;
			children = (
				A767D8FA1CDE868600AFBB0E /* Missing Persons */,
				A767D8F91CDE868600AFBB0E /* Products */,
			);
			sourceTree = "<group>";
		};
		A767D8F91CDE868600AFBB0E /* Products */ = {
			isa = PBXGroup;
			children = (
				A767D8F81CDE868600AFBB0E /* Missing Persons.app */,
			);
			name = Products;
			sourceTree = "<group>";
		};
		A767D8FA1CDE868600AFBB0E /* Missing Persons */ = {
			isa = PBXGroup;
			children = (
				A767D8FB1CDE868600AFBB0E /* AppDelegate.swift */,
				A767D8FD1CDE868600AFBB0E /* ViewController.swift */,
				A767D8FF1CDE868600AFBB0E /* Main.storyboard */,
				A767D9021CDE868600AFBB0E /* Assets.xcassets */,
				A767D9041CDE868600AFBB0E /* LaunchScreen.storyboard */,
				A767D9071CDE868600AFBB0E /* Info.plist */,
			);
			path = "Missing Persons";
			sourceTree = "<group>";
		};
/* End PBXGroup section */

/* Begin PBXNativeTarget section */
		A767D8F71CDE868600AFBB0E /* Missing Persons */ = {
			isa = PBXNativeTarget;
			buildConfigurationList = A767D90A1CDE868600AFBB0E /* Build configuration list for PBXNativeTarget "Missing Persons" */;
			buildPhases = (
				A767D8F41CDE868600AFBB0E /* Sources */,
				A767D8F51CDE868600AFBB0E /* Frameworks */,
				A767D8F61CDE868600AFBB0E /* Resources */,
			);
			buildRules = (
			);
			dependencies = (
			);
			name = "Missing Persons";
			productName = "Missing Persons";
			productReference = A767D8F81CDE868600AFBB0E /* Missing Persons.app */;
			productType = "com.apple.product-type.application";
		};
/* End PBXNativeTarget section */

/* Begin PBXProject section */
		A767D8F01CDE868600AFBB0E /* Project object */ = {
			isa = PBXProject;
			attributes = {
				LastSwiftUpdateCheck = 0730;
				LastUpgradeCheck = 0730;
				ORGANIZATIONNAME = "Ben Makusha";
				TargetAttributes = {
					A767D8F71CDE868600AFBB0E = {
						CreatedOnToolsVersion = 7.3;
						DevelopmentTeam = X9S97S4N54;
					};
				};
			};
			buildConfigurationList = A767D8F31CDE868600AFBB0E /* Build configuration list for PBXProject "Missing Persons" */;
			compatibilityVersion = "Xcode 3.2";
			developmentRegion = English;
			hasScannedForEncodings = 0;
			knownRegions = (
				en,
				Base,
			);
			mainGroup = A767D8EF1CDE868600AFBB0E;
			productRefGroup = A767D8F91CDE868600AFBB0E /* Products */;
			projectDirPath = "";
			projectRoot = "";
			targets = (
				A767D8F71CDE868600AFBB0E /* Missing Persons */,
			);
		};
/* End PBXProject section */

/* Begin PBXResourcesBuildPhase section */
		A767D8F61CDE868600AFBB0E /* Resources */ = {
			isa = PBXResourcesBuildPhase;
			buildActionMask = 2147483647;
			files = (
				A767D9061CDE868600AFBB0E /* LaunchScreen.storyboard in Resources */,
				A767D9031CDE868600AFBB0E /* Assets.xcassets in Resources */,
				A767D9011CDE868600AFBB0E /* Main.storyboard in Resources */,
			);
			runOnlyForDeploymentPostprocessing = 0;
		};
/* End PBXResourcesBuildPhase section */

/* Begin PBXSourcesBuildPhase section */
		A767D8F41CDE868600AFBB0E /* Sources */ = {
			isa = PBXSourcesBuildPhase;
			buildActionMask = 2147483647;
			files = (
				A767D8FE1CDE868600AFBB0E /* ViewController.swift in Sources */,
				A767D8FC1CDE868600AFBB0E /* AppDelegate.swift in Sources */,
			);
			runOnlyForDeploymentPostprocessing = 0;
		};
/* End PBXSourcesBuildPhase section */

/* Begin PBXVariantGroup section */
		A767D8FF1CDE868600AFBB0E /* Main.storyboard */ = {
			isa = PBXVariantGroup;
			children = (
				A767D9001CDE868600AFBB0E /* Base */,
			);
			name = Main.storyboard;
			sourceTree = "<group>";
		};
		A767D9041CDE868600AFBB0E /* LaunchScreen.storyboard */ = {
			isa = PBXVariantGroup;
			children = (
				A767D9051CDE868600AFBB0E /* Base */,
			);
			name = LaunchScreen.storyboard;
			sourceTree = "<group>";
		};
/* End PBXVariantGroup section */

/* Begin XCBuildConfiguration section */
		A767D9081CDE868600AFBB0E /* Debug */ = {
			isa = XCBuildConfiguration;
			buildSettings = {
				ALWAYS_SEARCH_USER_PATHS = NO;
				CLANG_ANALYZER_NONNULL = YES;
				CLANG_CXX_LANGUAGE_STANDARD = "gnu++0x";
				CLANG_CXX_LIBRARY = "libc++";
				CLANG_ENABLE_MODULES = YES;
				CLANG_ENABLE_OBJC_ARC = YES;
				CLANG_WARN_BOOL_CONVERSION = YES;
				CLANG_WARN_CONSTANT_CONVERSION = YES;
				CLANG_WARN_DIRECT_OBJC_ISA_USAGE = YES_ERROR;
				CLANG_WARN_EMPTY_BODY = YES;
				CLANG_WARN_ENUM_CONVERSION = YES;
				CLANG_WARN_INT_CONVERSION = YES;
				CLANG_WARN_OBJC_ROOT_CLASS = YES_ERROR;
				CLANG_WARN_UNREACHABLE_CODE = YES;
				CLANG_WARN__DUPLICATE_METHOD_MATCH = YES;
				"CODE_SIGN_IDENTITY[sdk=iphoneos*]" = "iPhone Developer";
				COPY_PHASE_STRIP = NO;
				DEBUG_INFORMATION_FORMAT = dwarf;
				ENABLE_STRICT_OBJC_MSGSEND = YES;
				ENABLE_TESTABILITY = YES;
				GCC_C_LANGUAGE_STANDARD = gnu99;
				GCC_DYNAMIC_NO_PIC = NO;
				GCC_NO_COMMON_BLOCKS = YES;
				GCC_OPTIMIZATION_LEVEL = 0;
				GCC_PREPROCESSOR_DEFINITIONS = (
					"DEBUG=1",
					"$(inherited)",
				);
				GCC_WARN_64_TO_32_BIT_CONVERSION = YES;
				GCC_WARN_ABOUT_RETURN_TYPE = YES_ERROR;
				GCC_WARN_UNDECLARED_SELECTOR = YES;
				GCC_WARN_UNINITIALIZED_AUTOS = YES_AGGRESSIVE;
				GCC_WARN_UNUSED_FUNCTION = YES;
				GCC_WARN_UNUSED_VARIABLE = YES;
				IPHONEOS_DEPLOYMENT_TARGET = 9.3;
				MTL_ENABLE_DEBUG_INFO = YES;
				ONLY_ACTIVE_ARCH = YES;
				SDKROOT = iphoneos;
				SWIFT_OPTIMIZATION_LEVEL = "-Onone";
				TARGETED_DEVICE_FAMILY = "1,2";
			};
			name = Debug;
		};
		A767D9091CDE868600AFBB0E /* Release */ = {
			isa = XCBuildConfiguration;
			buildSettings = {
				ALWAYS_SEARCH_USER_PATHS = NO;
				CLANG_ANALYZER_NONNULL = YES;
				CLANG_CXX_LANGUAGE_STANDARD = "gnu++0x";
				CLANG_CXX_LIBRARY = "libc++";
				CLANG_ENABLE_MODULES = YES;
				CLANG_ENABLE_OBJC_ARC = YES;
				CLANG_WARN_BOOL_CONVERSION = YES;
				CLANG_WARN_CONSTANT_CONVERSION = YES;
				CLANG_WARN_DIRECT_OBJC_ISA_USAGE = YES_ERROR;
				CLANG_WARN_EMPTY_BODY = YES;
				CLANG_WARN_ENUM_CONVERSION = YES;
				CLANG_WARN_INT_CONVERSION = YES;
				CLANG_WARN_OBJC_ROOT_CLASS = YES_ERROR;
				CLANG_WARN_UNREACHABLE_CODE = YES;
				CLANG_WARN__DUPLICATE_METHOD_MATCH = YES;
				"CODE_SIGN_IDENTITY[sdk=iphoneos*]" = "iPhone Developer";
				COPY_PHASE_STRIP = NO;
				DEBUG_INFORMATION_FORMAT = "dwarf-with-dsym";
				ENABLE_NS_ASSERTIONS = NO;
				ENABLE_STRICT_OBJC_MSGSEND = YES;
				GCC_C_LANGUAGE_STANDARD = gnu99;
				GCC_NO_COMMON_BLOCKS = YES;
				GCC_WARN_64_TO_32_BIT_CONVERSION = YES;
				GCC_WARN_ABOUT_RETURN_TYPE = YES_ERROR;
				GCC_WARN_UNDECLARED_SELECTOR = YES;
				GCC_WARN_UNINITIALIZED_AUTOS = YES_AGGRESSIVE;
				GCC_WARN_UNUSED_FUNCTION = YES;
				GCC_WARN_UNUSED_VARIABLE = YES;
				IPHONEOS_DEPLOYMENT_TARGET = 9.3;
				MTL_ENABLE_DEBUG_INFO = NO;
				SDKROOT = iphoneos;
				TARGETED_DEVICE_FAMILY = "1,2";
				VALIDATE_PRODUCT = YES;
			};
			name = Release;
		};
		A767D90B1CDE868600AFBB0E /* Debug */ = {
			isa = XCBuildConfiguration;
			buildSettings = {
				ASSETCATALOG_COMPILER_APPICON_NAME = AppIcon;
				INFOPLIST_FILE = "Missing Persons/Info.plist";
				LD_RUNPATH_SEARCH_PATHS = "$(inherited) @executable_path/Frameworks";
				PRODUCT_BUNDLE_IDENTIFIER = "com.benmakusha.Missing-Persons";
				PRODUCT_NAME = "$(TARGET_NAME)";
			};
			name = Debug;
		};
		A767D90C1CDE868600AFBB0E /* Release */ = {
			isa = XCBuildConfiguration;
			buildSettings = {
				ASSETCATALOG_COMPILER_APPICON_NAME = AppIcon;
				INFOPLIST_FILE = "Missing Persons/Info.plist";
				LD_RUNPATH_SEARCH_PATHS = "$(inherited) @executable_path/Frameworks";
				PRODUCT_BUNDLE_IDENTIFIER = "com.benmakusha.Missing-Persons";
				PRODUCT_NAME = "$(TARGET_NAME)";
			};
			name = Release;
		};
/* End XCBuildConfiguration section */

/* Begin XCConfigurationList section */
		A767D8F31CDE868600AFBB0E /* Build configuration list for PBXProject "Missing Persons" */ = {
			isa = XCConfigurationList;
			buildConfigurations = (
				A767D9081CDE868600AFBB0E /* Debug */,
				A767D9091CDE868600AFBB0E /* Release */,
			);
			defaultConfigurationIsVisible = 0;
			defaultConfigurationName = Release;
		};
		A767D90A1CDE868600AFBB0E /* Build configuration list for PBXNativeTarget "Missing Persons" */ = {
			isa = XCConfigurationList;
			buildConfigurations = (
				A767D90B1CDE868600AFBB0E /* Debug */,
				A767D90C1CDE868600AFBB0E /* Release */,
			);
			defaultConfigurationIsVisible = 0;
		};
/* End XCConfigurationList section */
	};
	rootObject = A767D8F01CDE868600AFBB0E /* Project object */;
}
